
Microsoft Visual Studio Solution File, Format Version 12.00
# Visual Studio Version 17
VisualStudioVersion = 17.2.32516.85
MinimumVisualStudioVersion = 10.0.40219.1
Project("{FAE04EC0-301F-11D3-BF4B-00C04F79EFBC}") = "kanyewest", "kanyewest\kanyewest.csproj", "{644A96AA-850C-491A-968B-308D213319F7}"
EndProject
Global
	GlobalSection(SolutionConfigurationPlatforms) = preSolution
		Debug|Any CPU = Debug|Any CPU
		Release|Any CPU = Release|Any CPU
	EndGlobalSection
	GlobalSection(ProjectConfigurationPlatforms) = postSolution
		{644A96AA-850C-491A-968B-308D213319F7}.Debug|Any CPU.ActiveCfg = Debug|Any CPU
		{644A96AA-850C-491A-968B-308D213319F7}.Debug|Any CPU.Build.0 = Debug|Any CPU
		{644A96AA-850C-491A-968B-308D213319F7}.Release|Any CPU.ActiveCfg = Release|Any CPU
		{644A96AA-850C-491A-968B-308D213319F7}.Release|Any CPU.Build.0 = Release|Any CPU
	EndGlobalSection
	GlobalSection(SolutionProperties) = preSolution
		HideSolutionNode = FALSE
	EndGlobalSection
	GlobalSection(ExtensibilityGlobals) = postSolution
		SolutionGuid = {83E38454-B486-4FED-808F-A27B8ED234D6}
	EndGlobalSection
EndGlobal
